
Microsoft Visual Studio Solution File, Format Version 12.00
# Visual Studio Version 16
VisualStudioVersion = 16.0.29102.190
MinimumVisualStudioVersion = 10.0.40219.1
Project("{FAE04EC0-301F-11D3-BF4B-00C04F79EFBC}") = "Windows_WPF", "Windows_WPF.csproj", "{460DD25C-D204-4115-A9F7-056676FF95DC}"
EndProject
Global
	GlobalSection(SolutionConfigurationPlatforms) = preSolution
		Debug|Any CPU = Debug|Any CPU
		Release|Any CPU = Release|Any CPU
	EndGlobalSection
	GlobalSection(ProjectConfigurationPlatforms) = postSolution
		{460DD25C-D204-4115-A9F7-056676FF95DC}.Debug|Any CPU.ActiveCfg = Debug|Any CPU
		{460DD25C-D204-4115-A9F7-056676FF95DC}.Debug|Any CPU.Build.0 = Debug|Any CPU
		{460DD25C-D204-4115-A9F7-056676FF95DC}.Release|Any CPU.ActiveCfg = Release|Any CPU
		{460DD25C-D204-4115-A9F7-056676FF95DC}.Release|Any CPU.Build.0 = Release|Any CPU
	EndGlobalSection
	GlobalSection(SolutionProperties) = preSolution
		HideSolutionNode = FALSE
	EndGlobalSection
	GlobalSection(ExtensibilityGlobals) = postSolution
		SolutionGuid = {6B9BA07E-69DB-4912-8AAC-65D588944168}
	EndGlobalSection
EndGlobal
